
Microsoft Visual Studio Solution File, Format Version 12.00
# Visual Studio Version 17
VisualStudioVersion = 17.0.31903.59
MinimumVisualStudioVersion = 10.0.40219.1
Project("{FAE04EC0-301F-11D3-BF4B-00C04F79EFBC}") = "SportsStore", "SportsStore\SportsStore.csproj", "{2F46424D-BAFA-48D4-ABE8-E9B607AC7287}"
EndProject
Project("{FAE04EC0-301F-11D3-BF4B-00C04F79EFBC}") = "SportsStore.Tests", "SportsStore.Tests\SportsStore.Tests.csproj", "{95785F0F-1289-427B-AF3B-FF6C9F901997}"
EndProject
Global
	GlobalSection(SolutionConfigurationPlatforms) = preSolution
		Debug|Any CPU = Debug|Any CPU
		Release|Any CPU = Release|Any CPU
	EndGlobalSection
	GlobalSection(SolutionProperties) = preSolution
		HideSolutionNode = FALSE
	EndGlobalSection
	GlobalSection(ProjectConfigurationPlatforms) = postSolution
		{2F46424D-BAFA-48D4-ABE8-E9B607AC7287}.Debug|Any CPU.ActiveCfg = Debug|Any CPU
		{2F46424D-BAFA-48D4-ABE8-E9B607AC7287}.Debug|Any CPU.Build.0 = Debug|Any CPU
		{2F46424D-BAFA-48D4-ABE8-E9B607AC7287}.Release|Any CPU.ActiveCfg = Release|Any CPU
		{2F46424D-BAFA-48D4-ABE8-E9B607AC7287}.Release|Any CPU.Build.0 = Release|Any CPU
		{95785F0F-1289-427B-AF3B-FF6C9F901997}.Debug|Any CPU.ActiveCfg = Debug|Any CPU
		{95785F0F-1289-427B-AF3B-FF6C9F901997}.Debug|Any CPU.Build.0 = Debug|Any CPU
		{95785F0F-1289-427B-AF3B-FF6C9F901997}.Release|Any CPU.ActiveCfg = Release|Any CPU
		{95785F0F-1289-427B-AF3B-FF6C9F901997}.Release|Any CPU.Build.0 = Release|Any CPU
	EndGlobalSection
EndGlobal
